
Microsoft Visual Studio Solution File, Format Version 12.00
# Visual Studio Version 17
VisualStudioVersion = 17.0.32112.339
MinimumVisualStudioVersion = 10.0.40219.1
Project("{9A19103F-16F7-4668-BE54-9A1E7A4F7556}") = "BlogProject", "Blog\BlogProject.csproj", "{40EC2A0B-27BD-43DE-8196-D4C79BED3F72}"
EndProject
Project("{2150E333-8FDC-42A3-9474-1A3956D46DE8}") = "Solution Items", "Solution Items", "{29A2D50F-6835-43C9-BAE6-EBA925625BE4}"
EndProject
Global
	GlobalSection(SolutionConfigurationPlatforms) = preSolution
		Debug|Any CPU = Debug|Any CPU
		Release|Any CPU = Release|Any CPU
	EndGlobalSection
	GlobalSection(ProjectConfigurationPlatforms) = postSolution
		{40EC2A0B-27BD-43DE-8196-D4C79BED3F72}.Debug|Any CPU.ActiveCfg = Debug|Any CPU
		{40EC2A0B-27BD-43DE-8196-D4C79BED3F72}.Debug|Any CPU.Build.0 = Debug|Any CPU
		{40EC2A0B-27BD-43DE-8196-D4C79BED3F72}.Release|Any CPU.ActiveCfg = Release|Any CPU
		{40EC2A0B-27BD-43DE-8196-D4C79BED3F72}.Release|Any CPU.Build.0 = Release|Any CPU
	EndGlobalSection
	GlobalSection(SolutionProperties) = preSolution
		HideSolutionNode = FALSE
	EndGlobalSection
	GlobalSection(ExtensibilityGlobals) = postSolution
		SolutionGuid = {C0BC7FB6-7FE9-4A84-92FC-4A386615191C}
	EndGlobalSection
EndGlobal
